
Microsoft Visual Studio Solution File, Format Version 12.00
# Visual Studio 15
Project("{FAE04EC0-301F-11D3-BF4B-00C04F79EFBC}") = "Assembly-CSharp", "Assembly-CSharp.csproj", "{766BDD88-185A-B80C-A8A8-A91062A4159C}"
EndProject
Project("{FAE04EC0-301F-11D3-BF4B-00C04F79EFBC}") = "Assembly-CSharp-Editor", "Assembly-CSharp-Editor.csproj", "{B8615D16-6330-CA85-E964-D816083CC197}"
EndProject
Global
	GlobalSection(SolutionConfigurationPlatforms) = preSolution
		Debug|Any CPU = Debug|Any CPU
		Release|Any CPU = Release|Any CPU
	EndGlobalSection
	GlobalSection(ProjectConfigurationPlatforms) = postSolution
		{766BDD88-185A-B80C-A8A8-A91062A4159C}.Debug|Any CPU.ActiveCfg = Debug|Any CPU
		{766BDD88-185A-B80C-A8A8-A91062A4159C}.Debug|Any CPU.Build.0 = Debug|Any CPU
		{766BDD88-185A-B80C-A8A8-A91062A4159C}.Release|Any CPU.ActiveCfg = Release|Any CPU
		{766BDD88-185A-B80C-A8A8-A91062A4159C}.Release|Any CPU.Build.0 = Release|Any CPU
		{B8615D16-6330-CA85-E964-D816083CC197}.Debug|Any CPU.ActiveCfg = Debug|Any CPU
		{B8615D16-6330-CA85-E964-D816083CC197}.Debug|Any CPU.Build.0 = Debug|Any CPU
		{B8615D16-6330-CA85-E964-D816083CC197}.Release|Any CPU.ActiveCfg = Release|Any CPU
		{B8615D16-6330-CA85-E964-D816083CC197}.Release|Any CPU.Build.0 = Release|Any CPU
	EndGlobalSection
	GlobalSection(SolutionProperties) = preSolution
		HideSolutionNode = FALSE
	EndGlobalSection
EndGlobal
